
Microsoft Visual Studio Solution File, Format Version 12.00
# Visual Studio Version 16
VisualStudioVersion = 16.0.29326.143
MinimumVisualStudioVersion = 10.0.40219.1
Project("{F2A71F9B-5D33-465A-A702-920D77279786}") = "homework1_namespace", "homework1_namespace\homework1_namespace.fsproj", "{C7CCA6FB-D8F4-4EEB-8C35-9B72F9D49910}"
EndProject
Global
	GlobalSection(SolutionConfigurationPlatforms) = preSolution
		Debug|Any CPU = Debug|Any CPU
		Release|Any CPU = Release|Any CPU
	EndGlobalSection
	GlobalSection(ProjectConfigurationPlatforms) = postSolution
		{C7CCA6FB-D8F4-4EEB-8C35-9B72F9D49910}.Debug|Any CPU.ActiveCfg = Debug|Any CPU
		{C7CCA6FB-D8F4-4EEB-8C35-9B72F9D49910}.Debug|Any CPU.Build.0 = Debug|Any CPU
		{C7CCA6FB-D8F4-4EEB-8C35-9B72F9D49910}.Release|Any CPU.ActiveCfg = Release|Any CPU
		{C7CCA6FB-D8F4-4EEB-8C35-9B72F9D49910}.Release|Any CPU.Build.0 = Release|Any CPU
	EndGlobalSection
	GlobalSection(SolutionProperties) = preSolution
		HideSolutionNode = FALSE
	EndGlobalSection
	GlobalSection(ExtensibilityGlobals) = postSolution
		SolutionGuid = {BA7BA671-2ADB-4E9E-9B4B-2C636ABDF105}
	EndGlobalSection
EndGlobal
