
Microsoft Visual Studio Solution File, Format Version 12.00
# Visual Studio 15
VisualStudioVersion = 15.0.28307.421
MinimumVisualStudioVersion = 10.0.40219.1
Project("{FAE04EC0-301F-11D3-BF4B-00C04F79EFBC}") = "ParseTree", "ParseTree\ParseTree.csproj", "{7C1A85B0-E0A2-456D-99AA-DE72B1A4C1D3}"
EndProject
Project("{FAE04EC0-301F-11D3-BF4B-00C04F79EFBC}") = "ParseTree.Tests", "ParseTree.Tests\ParseTree.Tests.csproj", "{AA716333-F257-4C8F-B951-C86B80934C0B}"
EndProject
Global
	GlobalSection(SolutionConfigurationPlatforms) = preSolution
		Debug|Any CPU = Debug|Any CPU
		Release|Any CPU = Release|Any CPU
	EndGlobalSection
	GlobalSection(ProjectConfigurationPlatforms) = postSolution
		{7C1A85B0-E0A2-456D-99AA-DE72B1A4C1D3}.Debug|Any CPU.ActiveCfg = Debug|Any CPU
		{7C1A85B0-E0A2-456D-99AA-DE72B1A4C1D3}.Debug|Any CPU.Build.0 = Debug|Any CPU
		{7C1A85B0-E0A2-456D-99AA-DE72B1A4C1D3}.Release|Any CPU.ActiveCfg = Release|Any CPU
		{7C1A85B0-E0A2-456D-99AA-DE72B1A4C1D3}.Release|Any CPU.Build.0 = Release|Any CPU
		{AA716333-F257-4C8F-B951-C86B80934C0B}.Debug|Any CPU.ActiveCfg = Debug|Any CPU
		{AA716333-F257-4C8F-B951-C86B80934C0B}.Debug|Any CPU.Build.0 = Debug|Any CPU
		{AA716333-F257-4C8F-B951-C86B80934C0B}.Release|Any CPU.ActiveCfg = Release|Any CPU
		{AA716333-F257-4C8F-B951-C86B80934C0B}.Release|Any CPU.Build.0 = Release|Any CPU
	EndGlobalSection
	GlobalSection(SolutionProperties) = preSolution
		HideSolutionNode = FALSE
	EndGlobalSection
	GlobalSection(ExtensibilityGlobals) = postSolution
		SolutionGuid = {FACF631F-95B1-4A91-8C6B-43FE4E4C8B14}
	EndGlobalSection
EndGlobal
