
Microsoft Visual Studio Solution File, Format Version 12.00
# Visual Studio Version 16
VisualStudioVersion = 16.0.28803.202
MinimumVisualStudioVersion = 10.0.40219.1
Project("{FAE04EC0-301F-11D3-BF4B-00C04F79EFBC}") = "GenericListNameSpace", "GenericListNameSpace\GenericListNameSpace.csproj", "{B998A620-41FD-4E1A-B7E4-637062C8A7D0}"
EndProject
Project("{FAE04EC0-301F-11D3-BF4B-00C04F79EFBC}") = "GenericListTests", "GenericListTests\GenericListTests.csproj", "{F785E409-D54C-4771-95D0-777FECF5007C}"
EndProject
Global
	GlobalSection(SolutionConfigurationPlatforms) = preSolution
		Debug|Any CPU = Debug|Any CPU
		Release|Any CPU = Release|Any CPU
	EndGlobalSection
	GlobalSection(ProjectConfigurationPlatforms) = postSolution
		{B998A620-41FD-4E1A-B7E4-637062C8A7D0}.Debug|Any CPU.ActiveCfg = Debug|Any CPU
		{B998A620-41FD-4E1A-B7E4-637062C8A7D0}.Debug|Any CPU.Build.0 = Debug|Any CPU
		{B998A620-41FD-4E1A-B7E4-637062C8A7D0}.Release|Any CPU.ActiveCfg = Release|Any CPU
		{B998A620-41FD-4E1A-B7E4-637062C8A7D0}.Release|Any CPU.Build.0 = Release|Any CPU
		{F785E409-D54C-4771-95D0-777FECF5007C}.Debug|Any CPU.ActiveCfg = Debug|Any CPU
		{F785E409-D54C-4771-95D0-777FECF5007C}.Debug|Any CPU.Build.0 = Debug|Any CPU
		{F785E409-D54C-4771-95D0-777FECF5007C}.Release|Any CPU.ActiveCfg = Release|Any CPU
		{F785E409-D54C-4771-95D0-777FECF5007C}.Release|Any CPU.Build.0 = Release|Any CPU
	EndGlobalSection
	GlobalSection(SolutionProperties) = preSolution
		HideSolutionNode = FALSE
	EndGlobalSection
	GlobalSection(ExtensibilityGlobals) = postSolution
		SolutionGuid = {0B41A272-BD48-4AFC-82E8-844125A6CE1F}
	EndGlobalSection
EndGlobal
