
Microsoft Visual Studio Solution File, Format Version 12.00
# Visual Studio 15
VisualStudioVersion = 15.0.28307.421
MinimumVisualStudioVersion = 10.0.40219.1
Project("{FAE04EC0-301F-11D3-BF4B-00C04F79EFBC}") = "UniqueListNameSpace", "UniqueListNameSpace\UniqueListNameSpace.csproj", "{ED968F69-613B-4A18-8E1D-022B46107661}"
EndProject
Project("{FAE04EC0-301F-11D3-BF4B-00C04F79EFBC}") = "UniqieListTests", "UniqieListTests\UniqieListTests.csproj", "{0E45D746-D34C-4666-962B-3D8CE6E5202E}"
EndProject
Global
	GlobalSection(SolutionConfigurationPlatforms) = preSolution
		Debug|Any CPU = Debug|Any CPU
		Release|Any CPU = Release|Any CPU
	EndGlobalSection
	GlobalSection(ProjectConfigurationPlatforms) = postSolution
		{ED968F69-613B-4A18-8E1D-022B46107661}.Debug|Any CPU.ActiveCfg = Debug|Any CPU
		{ED968F69-613B-4A18-8E1D-022B46107661}.Debug|Any CPU.Build.0 = Debug|Any CPU
		{ED968F69-613B-4A18-8E1D-022B46107661}.Release|Any CPU.ActiveCfg = Release|Any CPU
		{ED968F69-613B-4A18-8E1D-022B46107661}.Release|Any CPU.Build.0 = Release|Any CPU
		{0E45D746-D34C-4666-962B-3D8CE6E5202E}.Debug|Any CPU.ActiveCfg = Debug|Any CPU
		{0E45D746-D34C-4666-962B-3D8CE6E5202E}.Debug|Any CPU.Build.0 = Debug|Any CPU
		{0E45D746-D34C-4666-962B-3D8CE6E5202E}.Release|Any CPU.ActiveCfg = Release|Any CPU
		{0E45D746-D34C-4666-962B-3D8CE6E5202E}.Release|Any CPU.Build.0 = Release|Any CPU
	EndGlobalSection
	GlobalSection(SolutionProperties) = preSolution
		HideSolutionNode = FALSE
	EndGlobalSection
	GlobalSection(ExtensibilityGlobals) = postSolution
		SolutionGuid = {0F1DE6B8-08A7-410C-A54B-D1DEF0A01C18}
	EndGlobalSection
EndGlobal
