
Microsoft Visual Studio Solution File, Format Version 12.00
# Visual Studio Version 16
VisualStudioVersion = 16.0.29326.143
MinimumVisualStudioVersion = 10.0.40219.1
Project("{9A19103F-16F7-4668-BE54-9A1E7A4F7556}") = "MyNUnit", "MyNUnit_task4\MyNUnit.csproj", "{466325D8-CC0E-4683-B6C3-0D89EE0DA74A}"
EndProject
Project("{9A19103F-16F7-4668-BE54-9A1E7A4F7556}") = "Attributes", "Attributes\Attributes.csproj", "{4D72B850-608D-4F88-BA42-B90DDC5E99C4}"
EndProject
Project("{FAE04EC0-301F-11D3-BF4B-00C04F79EFBC}") = "MyNUnit.Tests", "MyNUnit.Tests\MyNUnit.Tests.csproj", "{10411B41-C07D-4EFF-870F-36C11764EDB6}"
EndProject
Project("{FAE04EC0-301F-11D3-BF4B-00C04F79EFBC}") = "SuccesfulTests", "Tests\SuccesfulTests\SuccesfulTests.csproj", "{4BC9A113-C63C-4693-BDFE-964FB3285EAF}"
EndProject
Global
	GlobalSection(SolutionConfigurationPlatforms) = preSolution
		Debug|Any CPU = Debug|Any CPU
		Release|Any CPU = Release|Any CPU
	EndGlobalSection
	GlobalSection(ProjectConfigurationPlatforms) = postSolution
		{466325D8-CC0E-4683-B6C3-0D89EE0DA74A}.Debug|Any CPU.ActiveCfg = Debug|Any CPU
		{466325D8-CC0E-4683-B6C3-0D89EE0DA74A}.Debug|Any CPU.Build.0 = Debug|Any CPU
		{466325D8-CC0E-4683-B6C3-0D89EE0DA74A}.Release|Any CPU.ActiveCfg = Release|Any CPU
		{466325D8-CC0E-4683-B6C3-0D89EE0DA74A}.Release|Any CPU.Build.0 = Release|Any CPU
		{4D72B850-608D-4F88-BA42-B90DDC5E99C4}.Debug|Any CPU.ActiveCfg = Debug|Any CPU
		{4D72B850-608D-4F88-BA42-B90DDC5E99C4}.Debug|Any CPU.Build.0 = Debug|Any CPU
		{4D72B850-608D-4F88-BA42-B90DDC5E99C4}.Release|Any CPU.ActiveCfg = Release|Any CPU
		{4D72B850-608D-4F88-BA42-B90DDC5E99C4}.Release|Any CPU.Build.0 = Release|Any CPU
		{10411B41-C07D-4EFF-870F-36C11764EDB6}.Debug|Any CPU.ActiveCfg = Debug|Any CPU
		{10411B41-C07D-4EFF-870F-36C11764EDB6}.Debug|Any CPU.Build.0 = Debug|Any CPU
		{10411B41-C07D-4EFF-870F-36C11764EDB6}.Release|Any CPU.ActiveCfg = Release|Any CPU
		{10411B41-C07D-4EFF-870F-36C11764EDB6}.Release|Any CPU.Build.0 = Release|Any CPU
		{4BC9A113-C63C-4693-BDFE-964FB3285EAF}.Debug|Any CPU.ActiveCfg = Debug|Any CPU
		{4BC9A113-C63C-4693-BDFE-964FB3285EAF}.Debug|Any CPU.Build.0 = Debug|Any CPU
		{4BC9A113-C63C-4693-BDFE-964FB3285EAF}.Release|Any CPU.ActiveCfg = Release|Any CPU
		{4BC9A113-C63C-4693-BDFE-964FB3285EAF}.Release|Any CPU.Build.0 = Release|Any CPU
	EndGlobalSection
	GlobalSection(SolutionProperties) = preSolution
		HideSolutionNode = FALSE
	EndGlobalSection
	GlobalSection(ExtensibilityGlobals) = postSolution
		SolutionGuid = {88722DEB-2765-4C64-8370-AC50D9E0E735}
	EndGlobalSection
EndGlobal
