
Microsoft Visual Studio Solution File, Format Version 12.00
# Visual Studio Version 16
VisualStudioVersion = 16.0.28803.202
MinimumVisualStudioVersion = 10.0.40219.1
Project("{FAE04EC0-301F-11D3-BF4B-00C04F79EFBC}") = "FinalTest2", "FinalTest2\FinalTest2.csproj", "{97DE7CAA-5B91-46A8-AE90-5CE3B906EA12}"
EndProject
Project("{FAE04EC0-301F-11D3-BF4B-00C04F79EFBC}") = "Tests", "Tests\Tests.csproj", "{B18DA6EC-A2DB-4F80-BA08-7F804921CC73}"
EndProject
Global
	GlobalSection(SolutionConfigurationPlatforms) = preSolution
		Debug|Any CPU = Debug|Any CPU
		Release|Any CPU = Release|Any CPU
	EndGlobalSection
	GlobalSection(ProjectConfigurationPlatforms) = postSolution
		{97DE7CAA-5B91-46A8-AE90-5CE3B906EA12}.Debug|Any CPU.ActiveCfg = Debug|Any CPU
		{97DE7CAA-5B91-46A8-AE90-5CE3B906EA12}.Debug|Any CPU.Build.0 = Debug|Any CPU
		{97DE7CAA-5B91-46A8-AE90-5CE3B906EA12}.Release|Any CPU.ActiveCfg = Release|Any CPU
		{97DE7CAA-5B91-46A8-AE90-5CE3B906EA12}.Release|Any CPU.Build.0 = Release|Any CPU
		{B18DA6EC-A2DB-4F80-BA08-7F804921CC73}.Debug|Any CPU.ActiveCfg = Debug|Any CPU
		{B18DA6EC-A2DB-4F80-BA08-7F804921CC73}.Debug|Any CPU.Build.0 = Debug|Any CPU
		{B18DA6EC-A2DB-4F80-BA08-7F804921CC73}.Release|Any CPU.ActiveCfg = Release|Any CPU
		{B18DA6EC-A2DB-4F80-BA08-7F804921CC73}.Release|Any CPU.Build.0 = Release|Any CPU
	EndGlobalSection
	GlobalSection(SolutionProperties) = preSolution
		HideSolutionNode = FALSE
	EndGlobalSection
	GlobalSection(ExtensibilityGlobals) = postSolution
		SolutionGuid = {A267A4A7-FED4-460C-B2C6-D2F14267E0D9}
	EndGlobalSection
EndGlobal
