
Microsoft Visual Studio Solution File, Format Version 12.00
# Visual Studio 15
VisualStudioVersion = 15.0.28307.421
MinimumVisualStudioVersion = 10.0.40219.1
Project("{FAE04EC0-301F-11D3-BF4B-00C04F79EFBC}") = "StackCalculator", "StackCalculator\StackCalculator.csproj", "{B283127C-2FEF-43DE-8AD8-284DAE6C9259}"
EndProject
Global
	GlobalSection(SolutionConfigurationPlatforms) = preSolution
		Debug|Any CPU = Debug|Any CPU
		Release|Any CPU = Release|Any CPU
	EndGlobalSection
	GlobalSection(ProjectConfigurationPlatforms) = postSolution
		{B283127C-2FEF-43DE-8AD8-284DAE6C9259}.Debug|Any CPU.ActiveCfg = Debug|Any CPU
		{B283127C-2FEF-43DE-8AD8-284DAE6C9259}.Debug|Any CPU.Build.0 = Debug|Any CPU
		{B283127C-2FEF-43DE-8AD8-284DAE6C9259}.Release|Any CPU.ActiveCfg = Release|Any CPU
		{B283127C-2FEF-43DE-8AD8-284DAE6C9259}.Release|Any CPU.Build.0 = Release|Any CPU
	EndGlobalSection
	GlobalSection(SolutionProperties) = preSolution
		HideSolutionNode = FALSE
	EndGlobalSection
	GlobalSection(ExtensibilityGlobals) = postSolution
		SolutionGuid = {E9207A20-0A34-4DC0-96AB-65B48869BF6D}
	EndGlobalSection
EndGlobal
