
Microsoft Visual Studio Solution File, Format Version 12.00
# Visual Studio Version 16
VisualStudioVersion = 16.0.29326.143
MinimumVisualStudioVersion = 10.0.40219.1
Project("{FAE04EC0-301F-11D3-BF4B-00C04F79EFBC}") = "ServerNameSpace", "ServerNameSpace\ServerNameSpace.csproj", "{28A99B1D-FBDF-416A-8521-F4BE38F6DC4A}"
EndProject
Project("{FAE04EC0-301F-11D3-BF4B-00C04F79EFBC}") = "ClientNameSpace", "ClientNameSpace\ClientNameSpace.csproj", "{AA67E849-9F15-4348-9145-88C50A69B697}"
EndProject
Project("{FAE04EC0-301F-11D3-BF4B-00C04F79EFBC}") = "SimpleFtpTests", "SimpleFtpTests\SimpleFtpTests.csproj", "{1988C45C-34EA-4F5C-8643-37FE0FAE5D58}"
EndProject
Global
	GlobalSection(SolutionConfigurationPlatforms) = preSolution
		Debug|Any CPU = Debug|Any CPU
		Release|Any CPU = Release|Any CPU
	EndGlobalSection
	GlobalSection(ProjectConfigurationPlatforms) = postSolution
		{28A99B1D-FBDF-416A-8521-F4BE38F6DC4A}.Debug|Any CPU.ActiveCfg = Debug|Any CPU
		{28A99B1D-FBDF-416A-8521-F4BE38F6DC4A}.Debug|Any CPU.Build.0 = Debug|Any CPU
		{28A99B1D-FBDF-416A-8521-F4BE38F6DC4A}.Release|Any CPU.ActiveCfg = Release|Any CPU
		{28A99B1D-FBDF-416A-8521-F4BE38F6DC4A}.Release|Any CPU.Build.0 = Release|Any CPU
		{AA67E849-9F15-4348-9145-88C50A69B697}.Debug|Any CPU.ActiveCfg = Debug|Any CPU
		{AA67E849-9F15-4348-9145-88C50A69B697}.Debug|Any CPU.Build.0 = Debug|Any CPU
		{AA67E849-9F15-4348-9145-88C50A69B697}.Release|Any CPU.ActiveCfg = Release|Any CPU
		{AA67E849-9F15-4348-9145-88C50A69B697}.Release|Any CPU.Build.0 = Release|Any CPU
		{1988C45C-34EA-4F5C-8643-37FE0FAE5D58}.Debug|Any CPU.ActiveCfg = Debug|Any CPU
		{1988C45C-34EA-4F5C-8643-37FE0FAE5D58}.Debug|Any CPU.Build.0 = Debug|Any CPU
		{1988C45C-34EA-4F5C-8643-37FE0FAE5D58}.Release|Any CPU.ActiveCfg = Release|Any CPU
		{1988C45C-34EA-4F5C-8643-37FE0FAE5D58}.Release|Any CPU.Build.0 = Release|Any CPU
	EndGlobalSection
	GlobalSection(SolutionProperties) = preSolution
		HideSolutionNode = FALSE
	EndGlobalSection
	GlobalSection(ExtensibilityGlobals) = postSolution
		SolutionGuid = {1844EB5E-5E93-49ED-8DF8-8B500DEA38D2}
	EndGlobalSection
EndGlobal
