
Microsoft Visual Studio Solution File, Format Version 12.00
# Visual Studio Version 16
VisualStudioVersion = 16.0.28803.202
MinimumVisualStudioVersion = 10.0.40219.1
Project("{FAE04EC0-301F-11D3-BF4B-00C04F79EFBC}") = "SetNameSpace", "SetNameSpace\SetNameSpace.csproj", "{56261938-C5F4-46EC-BCA0-862BFB5E054B}"
EndProject
Project("{FAE04EC0-301F-11D3-BF4B-00C04F79EFBC}") = "TestsOfSet", "TestsOfSet\TestsOfSet.csproj", "{AF1B7A92-B0F6-4570-8E36-34F8DC2189DA}"
EndProject
Global
	GlobalSection(SolutionConfigurationPlatforms) = preSolution
		Debug|Any CPU = Debug|Any CPU
		Release|Any CPU = Release|Any CPU
	EndGlobalSection
	GlobalSection(ProjectConfigurationPlatforms) = postSolution
		{56261938-C5F4-46EC-BCA0-862BFB5E054B}.Debug|Any CPU.ActiveCfg = Debug|Any CPU
		{56261938-C5F4-46EC-BCA0-862BFB5E054B}.Debug|Any CPU.Build.0 = Debug|Any CPU
		{56261938-C5F4-46EC-BCA0-862BFB5E054B}.Release|Any CPU.ActiveCfg = Release|Any CPU
		{56261938-C5F4-46EC-BCA0-862BFB5E054B}.Release|Any CPU.Build.0 = Release|Any CPU
		{AF1B7A92-B0F6-4570-8E36-34F8DC2189DA}.Debug|Any CPU.ActiveCfg = Debug|Any CPU
		{AF1B7A92-B0F6-4570-8E36-34F8DC2189DA}.Debug|Any CPU.Build.0 = Debug|Any CPU
		{AF1B7A92-B0F6-4570-8E36-34F8DC2189DA}.Release|Any CPU.ActiveCfg = Release|Any CPU
		{AF1B7A92-B0F6-4570-8E36-34F8DC2189DA}.Release|Any CPU.Build.0 = Release|Any CPU
	EndGlobalSection
	GlobalSection(SolutionProperties) = preSolution
		HideSolutionNode = FALSE
	EndGlobalSection
	GlobalSection(ExtensibilityGlobals) = postSolution
		SolutionGuid = {73E2803D-37A0-44EE-805F-EDA3BB51269C}
	EndGlobalSection
EndGlobal
