
Microsoft Visual Studio Solution File, Format Version 12.00
# Visual Studio 15
VisualStudioVersion = 15.0.28307.421
MinimumVisualStudioVersion = 10.0.40219.1
Project("{FAE04EC0-301F-11D3-BF4B-00C04F79EFBC}") = "HashTable", "HashTable\HashTable.csproj", "{830B72F4-074F-4BFB-A14C-6A7688EB18B0}"
EndProject
Project("{FAE04EC0-301F-11D3-BF4B-00C04F79EFBC}") = "HashTable.Tests", "HashTable.Tests\HashTable.Tests.csproj", "{B4D0936F-3B73-49F5-B284-066B48F71B56}"
EndProject
Global
	GlobalSection(SolutionConfigurationPlatforms) = preSolution
		Debug|Any CPU = Debug|Any CPU
		Release|Any CPU = Release|Any CPU
	EndGlobalSection
	GlobalSection(ProjectConfigurationPlatforms) = postSolution
		{830B72F4-074F-4BFB-A14C-6A7688EB18B0}.Debug|Any CPU.ActiveCfg = Debug|Any CPU
		{830B72F4-074F-4BFB-A14C-6A7688EB18B0}.Debug|Any CPU.Build.0 = Debug|Any CPU
		{830B72F4-074F-4BFB-A14C-6A7688EB18B0}.Release|Any CPU.ActiveCfg = Release|Any CPU
		{830B72F4-074F-4BFB-A14C-6A7688EB18B0}.Release|Any CPU.Build.0 = Release|Any CPU
		{B4D0936F-3B73-49F5-B284-066B48F71B56}.Debug|Any CPU.ActiveCfg = Debug|Any CPU
		{B4D0936F-3B73-49F5-B284-066B48F71B56}.Debug|Any CPU.Build.0 = Debug|Any CPU
		{B4D0936F-3B73-49F5-B284-066B48F71B56}.Release|Any CPU.ActiveCfg = Release|Any CPU
		{B4D0936F-3B73-49F5-B284-066B48F71B56}.Release|Any CPU.Build.0 = Release|Any CPU
	EndGlobalSection
	GlobalSection(SolutionProperties) = preSolution
		HideSolutionNode = FALSE
	EndGlobalSection
	GlobalSection(ExtensibilityGlobals) = postSolution
		SolutionGuid = {F3595AC6-38D8-4D79-9DB1-253998F838AD}
	EndGlobalSection
EndGlobal
