
Microsoft Visual Studio Solution File, Format Version 12.00
# Visual Studio 15
VisualStudioVersion = 15.0.28307.421
MinimumVisualStudioVersion = 10.0.40219.1
Project("{FAE04EC0-301F-11D3-BF4B-00C04F79EFBC}") = "array_sort", "array_sort\array_sort.csproj", "{C7F451D0-AD33-4481-B12E-6D7F697D326B}"
EndProject
Global
	GlobalSection(SolutionConfigurationPlatforms) = preSolution
		Debug|Any CPU = Debug|Any CPU
		Release|Any CPU = Release|Any CPU
	EndGlobalSection
	GlobalSection(ProjectConfigurationPlatforms) = postSolution
		{C7F451D0-AD33-4481-B12E-6D7F697D326B}.Debug|Any CPU.ActiveCfg = Debug|Any CPU
		{C7F451D0-AD33-4481-B12E-6D7F697D326B}.Debug|Any CPU.Build.0 = Debug|Any CPU
		{C7F451D0-AD33-4481-B12E-6D7F697D326B}.Release|Any CPU.ActiveCfg = Release|Any CPU
		{C7F451D0-AD33-4481-B12E-6D7F697D326B}.Release|Any CPU.Build.0 = Release|Any CPU
	EndGlobalSection
	GlobalSection(SolutionProperties) = preSolution
		HideSolutionNode = FALSE
	EndGlobalSection
	GlobalSection(ExtensibilityGlobals) = postSolution
		SolutionGuid = {52BE2DB8-3AB0-420C-A5DF-288159D91C82}
	EndGlobalSection
EndGlobal
