
Microsoft Visual Studio Solution File, Format Version 12.00
# Visual Studio Version 16
VisualStudioVersion = 16.0.29905.134
MinimumVisualStudioVersion = 10.0.40219.1
Project("{9A19103F-16F7-4668-BE54-9A1E7A4F7556}") = "MyNUnit", "MyNUnit\MyNUnit.csproj", "{A2E1306C-77C4-4882-902E-B3FE7797F351}"
EndProject
Project("{9A19103F-16F7-4668-BE54-9A1E7A4F7556}") = "Attributes", "Attributes\Attributes.csproj", "{105BD1EF-2F4F-4928-BCE4-967C6E865C21}"
EndProject
Project("{9A19103F-16F7-4668-BE54-9A1E7A4F7556}") = "MyNUnit.Tests", "MyNUnit.Tests\MyNUnit.Tests.csproj", "{8931A3A7-465D-4F6E-B96E-CEBB9C84C071}"
EndProject
Project("{9A19103F-16F7-4668-BE54-9A1E7A4F7556}") = "SuccesfulTests", "Tests\SuccesfulTests\SuccesfulTests.csproj", "{26199C68-5BF3-4284-87AD-BB422AD3BAAD}"
EndProject
Project("{9A19103F-16F7-4668-BE54-9A1E7A4F7556}") = "FailedTesting", "Tests\FailedTesting\FailedTesting.csproj", "{86A1C397-F718-42E5-9FB4-DE2789A8EA1C}"
EndProject
Project("{9A19103F-16F7-4668-BE54-9A1E7A4F7556}") = "IgnoredTesting", "Tests\IgnoredTesting\IgnoredTesting.csproj", "{D0DAD264-A334-4CFB-BD75-CCBC34B78548}"
EndProject
Project("{9A19103F-16F7-4668-BE54-9A1E7A4F7556}") = "ExpectedExceptionTesting", "Tests\ExpectedExceptionTesting\ExpectedExceptionTesting.csproj", "{D1776CE5-BBAD-4F34-99FE-6A1D6933279E}"
EndProject
Project("{9A19103F-16F7-4668-BE54-9A1E7A4F7556}") = "BeforeTesting", "Tests\BeforeTesting\BeforeTesting.csproj", "{410B6467-77B8-4B0B-B06F-BC83E0B9089F}"
EndProject
Project("{9A19103F-16F7-4668-BE54-9A1E7A4F7556}") = "AfterTesting", "Tests\AfterTesting\AfterTesting.csproj", "{72E9F78A-ABE1-45D4-B4A2-46750C2F2D56}"
EndProject
Project("{9A19103F-16F7-4668-BE54-9A1E7A4F7556}") = "BeforeClassTesting", "Tests\BeforeClassTesting\BeforeClassTesting.csproj", "{378A5A9A-7ECE-4C3E-836A-CD44F51EC5EB}"
EndProject
Project("{9A19103F-16F7-4668-BE54-9A1E7A4F7556}") = "AfterClassTesting", "Tests\AfterClassTesting\AfterClassTesting.csproj", "{173EE4BE-CEF9-479D-A10E-BC44908B8A52}"
EndProject
Global
	GlobalSection(SolutionConfigurationPlatforms) = preSolution
		Debug|Any CPU = Debug|Any CPU
		Release|Any CPU = Release|Any CPU
	EndGlobalSection
	GlobalSection(ProjectConfigurationPlatforms) = postSolution
		{A2E1306C-77C4-4882-902E-B3FE7797F351}.Debug|Any CPU.ActiveCfg = Debug|Any CPU
		{A2E1306C-77C4-4882-902E-B3FE7797F351}.Debug|Any CPU.Build.0 = Debug|Any CPU
		{A2E1306C-77C4-4882-902E-B3FE7797F351}.Release|Any CPU.ActiveCfg = Release|Any CPU
		{A2E1306C-77C4-4882-902E-B3FE7797F351}.Release|Any CPU.Build.0 = Release|Any CPU
		{105BD1EF-2F4F-4928-BCE4-967C6E865C21}.Debug|Any CPU.ActiveCfg = Debug|Any CPU
		{105BD1EF-2F4F-4928-BCE4-967C6E865C21}.Debug|Any CPU.Build.0 = Debug|Any CPU
		{105BD1EF-2F4F-4928-BCE4-967C6E865C21}.Release|Any CPU.ActiveCfg = Release|Any CPU
		{105BD1EF-2F4F-4928-BCE4-967C6E865C21}.Release|Any CPU.Build.0 = Release|Any CPU
		{8931A3A7-465D-4F6E-B96E-CEBB9C84C071}.Debug|Any CPU.ActiveCfg = Debug|Any CPU
		{8931A3A7-465D-4F6E-B96E-CEBB9C84C071}.Debug|Any CPU.Build.0 = Debug|Any CPU
		{8931A3A7-465D-4F6E-B96E-CEBB9C84C071}.Release|Any CPU.ActiveCfg = Release|Any CPU
		{8931A3A7-465D-4F6E-B96E-CEBB9C84C071}.Release|Any CPU.Build.0 = Release|Any CPU
		{26199C68-5BF3-4284-87AD-BB422AD3BAAD}.Debug|Any CPU.ActiveCfg = Debug|Any CPU
		{26199C68-5BF3-4284-87AD-BB422AD3BAAD}.Debug|Any CPU.Build.0 = Debug|Any CPU
		{26199C68-5BF3-4284-87AD-BB422AD3BAAD}.Release|Any CPU.ActiveCfg = Release|Any CPU
		{26199C68-5BF3-4284-87AD-BB422AD3BAAD}.Release|Any CPU.Build.0 = Release|Any CPU
		{86A1C397-F718-42E5-9FB4-DE2789A8EA1C}.Debug|Any CPU.ActiveCfg = Debug|Any CPU
		{86A1C397-F718-42E5-9FB4-DE2789A8EA1C}.Debug|Any CPU.Build.0 = Debug|Any CPU
		{86A1C397-F718-42E5-9FB4-DE2789A8EA1C}.Release|Any CPU.ActiveCfg = Release|Any CPU
		{86A1C397-F718-42E5-9FB4-DE2789A8EA1C}.Release|Any CPU.Build.0 = Release|Any CPU
		{D0DAD264-A334-4CFB-BD75-CCBC34B78548}.Debug|Any CPU.ActiveCfg = Debug|Any CPU
		{D0DAD264-A334-4CFB-BD75-CCBC34B78548}.Debug|Any CPU.Build.0 = Debug|Any CPU
		{D0DAD264-A334-4CFB-BD75-CCBC34B78548}.Release|Any CPU.ActiveCfg = Release|Any CPU
		{D0DAD264-A334-4CFB-BD75-CCBC34B78548}.Release|Any CPU.Build.0 = Release|Any CPU
		{D1776CE5-BBAD-4F34-99FE-6A1D6933279E}.Debug|Any CPU.ActiveCfg = Debug|Any CPU
		{D1776CE5-BBAD-4F34-99FE-6A1D6933279E}.Debug|Any CPU.Build.0 = Debug|Any CPU
		{D1776CE5-BBAD-4F34-99FE-6A1D6933279E}.Release|Any CPU.ActiveCfg = Release|Any CPU
		{D1776CE5-BBAD-4F34-99FE-6A1D6933279E}.Release|Any CPU.Build.0 = Release|Any CPU
		{410B6467-77B8-4B0B-B06F-BC83E0B9089F}.Debug|Any CPU.ActiveCfg = Debug|Any CPU
		{410B6467-77B8-4B0B-B06F-BC83E0B9089F}.Debug|Any CPU.Build.0 = Debug|Any CPU
		{410B6467-77B8-4B0B-B06F-BC83E0B9089F}.Release|Any CPU.ActiveCfg = Release|Any CPU
		{410B6467-77B8-4B0B-B06F-BC83E0B9089F}.Release|Any CPU.Build.0 = Release|Any CPU
		{72E9F78A-ABE1-45D4-B4A2-46750C2F2D56}.Debug|Any CPU.ActiveCfg = Debug|Any CPU
		{72E9F78A-ABE1-45D4-B4A2-46750C2F2D56}.Debug|Any CPU.Build.0 = Debug|Any CPU
		{72E9F78A-ABE1-45D4-B4A2-46750C2F2D56}.Release|Any CPU.ActiveCfg = Release|Any CPU
		{72E9F78A-ABE1-45D4-B4A2-46750C2F2D56}.Release|Any CPU.Build.0 = Release|Any CPU
		{378A5A9A-7ECE-4C3E-836A-CD44F51EC5EB}.Debug|Any CPU.ActiveCfg = Debug|Any CPU
		{378A5A9A-7ECE-4C3E-836A-CD44F51EC5EB}.Debug|Any CPU.Build.0 = Debug|Any CPU
		{378A5A9A-7ECE-4C3E-836A-CD44F51EC5EB}.Release|Any CPU.ActiveCfg = Release|Any CPU
		{378A5A9A-7ECE-4C3E-836A-CD44F51EC5EB}.Release|Any CPU.Build.0 = Release|Any CPU
		{173EE4BE-CEF9-479D-A10E-BC44908B8A52}.Debug|Any CPU.ActiveCfg = Debug|Any CPU
		{173EE4BE-CEF9-479D-A10E-BC44908B8A52}.Debug|Any CPU.Build.0 = Debug|Any CPU
		{173EE4BE-CEF9-479D-A10E-BC44908B8A52}.Release|Any CPU.ActiveCfg = Release|Any CPU
		{173EE4BE-CEF9-479D-A10E-BC44908B8A52}.Release|Any CPU.Build.0 = Release|Any CPU
	EndGlobalSection
	GlobalSection(SolutionProperties) = preSolution
		HideSolutionNode = FALSE
	EndGlobalSection
	GlobalSection(ExtensibilityGlobals) = postSolution
		SolutionGuid = {2962CF92-A07D-422D-8E26-0B81DF3A9D90}
	EndGlobalSection
EndGlobal
