
Microsoft Visual Studio Solution File, Format Version 12.00
# Visual Studio Version 16
VisualStudioVersion = 16.0.28803.202
MinimumVisualStudioVersion = 10.0.40219.1
Project("{FAE04EC0-301F-11D3-BF4B-00C04F79EFBC}") = "MoveToFrontNameSpace", "MoveToFrontNameSpace\MoveToFrontNameSpace.csproj", "{781F40E6-6ABE-46C1-B69E-BAEBC590D7F5}"
EndProject
Project("{FAE04EC0-301F-11D3-BF4B-00C04F79EFBC}") = "MoveToFronTests", "MoveToFronTests\MoveToFronTests.csproj", "{95477C4D-B023-47D1-B6C1-C2B4C37378CC}"
EndProject
Global
	GlobalSection(SolutionConfigurationPlatforms) = preSolution
		Debug|Any CPU = Debug|Any CPU
		Release|Any CPU = Release|Any CPU
	EndGlobalSection
	GlobalSection(ProjectConfigurationPlatforms) = postSolution
		{781F40E6-6ABE-46C1-B69E-BAEBC590D7F5}.Debug|Any CPU.ActiveCfg = Debug|Any CPU
		{781F40E6-6ABE-46C1-B69E-BAEBC590D7F5}.Debug|Any CPU.Build.0 = Debug|Any CPU
		{781F40E6-6ABE-46C1-B69E-BAEBC590D7F5}.Release|Any CPU.ActiveCfg = Release|Any CPU
		{781F40E6-6ABE-46C1-B69E-BAEBC590D7F5}.Release|Any CPU.Build.0 = Release|Any CPU
		{95477C4D-B023-47D1-B6C1-C2B4C37378CC}.Debug|Any CPU.ActiveCfg = Debug|Any CPU
		{95477C4D-B023-47D1-B6C1-C2B4C37378CC}.Debug|Any CPU.Build.0 = Debug|Any CPU
		{95477C4D-B023-47D1-B6C1-C2B4C37378CC}.Release|Any CPU.ActiveCfg = Release|Any CPU
		{95477C4D-B023-47D1-B6C1-C2B4C37378CC}.Release|Any CPU.Build.0 = Release|Any CPU
	EndGlobalSection
	GlobalSection(SolutionProperties) = preSolution
		HideSolutionNode = FALSE
	EndGlobalSection
	GlobalSection(ExtensibilityGlobals) = postSolution
		SolutionGuid = {5A31070B-E781-41B5-8C61-BAADF50EFF7E}
	EndGlobalSection
EndGlobal
