
Microsoft Visual Studio Solution File, Format Version 12.00
# Visual Studio 15
VisualStudioVersion = 15.0.28307.421
MinimumVisualStudioVersion = 10.0.40219.1
Project("{FAE04EC0-301F-11D3-BF4B-00C04F79EFBC}") = "LinkedList", "LinkedList\LinkedList.csproj", "{6778FD17-EED8-4391-B56F-392036240304}"
EndProject
Global
	GlobalSection(SolutionConfigurationPlatforms) = preSolution
		Debug|Any CPU = Debug|Any CPU
		Release|Any CPU = Release|Any CPU
	EndGlobalSection
	GlobalSection(ProjectConfigurationPlatforms) = postSolution
		{6778FD17-EED8-4391-B56F-392036240304}.Debug|Any CPU.ActiveCfg = Debug|Any CPU
		{6778FD17-EED8-4391-B56F-392036240304}.Debug|Any CPU.Build.0 = Debug|Any CPU
		{6778FD17-EED8-4391-B56F-392036240304}.Release|Any CPU.ActiveCfg = Release|Any CPU
		{6778FD17-EED8-4391-B56F-392036240304}.Release|Any CPU.Build.0 = Release|Any CPU
	EndGlobalSection
	GlobalSection(SolutionProperties) = preSolution
		HideSolutionNode = FALSE
	EndGlobalSection
	GlobalSection(ExtensibilityGlobals) = postSolution
		SolutionGuid = {C3BC78CD-B5E9-4CFD-8C9D-4DB08B957357}
	EndGlobalSection
EndGlobal
